// !$*UTF8*$!
{
	archiveVersion = 1;
	classes = {
	};
	objectVersion = 55;
	objects = {

/* Begin PBXBuildFile section */
		370D28D5271F29BD00CC7341 /* Utils.swift in Sources */ = {isa = PBXBuildFile; fileRef = 370D28D4271F29BD00CC7341 /* Utils.swift */; };
		370D28D7271F2AA200CC7341 /* BLEAdapter.swift in Sources */ = {isa = PBXBuildFile; fileRef = 370D28D6271F2AA200CC7341 /* BLEAdapter.swift */; };
		370D28D9271F2ED200CC7341 /* Device.swift in Sources */ = {isa = PBXBuildFile; fileRef = 370D28D8271F2ED200CC7341 /* Device.swift */; };
		370D28DB271F2F5500CC7341 /* DeviceTableViewCell.swift in Sources */ = {isa = PBXBuildFile; fileRef = 370D28DA271F2F5500CC7341 /* DeviceTableViewCell.swift */; };
		370D28DD271F303400CC7341 /* DeviceListTableViewController.swift in Sources */ = {isa = PBXBuildFile; fileRef = 370D28DC271F303400CC7341 /* DeviceListTableViewController.swift */; };
		370D28DF271F3B2B00CC7341 /* DeviceViewController.swift in Sources */ = {isa = PBXBuildFile; fileRef = 370D28DE271F3B2B00CC7341 /* DeviceViewController.swift */; };
		37BA9427271EFEB500F96671 /* AppDelegate.swift in Sources */ = {isa = PBXBuildFile; fileRef = 37BA9426271EFEB500F96671 /* AppDelegate.swift */; };
		37BA9429271EFEB500F96671 /* SceneDelegate.swift in Sources */ = {isa = PBXBuildFile; fileRef = 37BA9428271EFEB500F96671 /* SceneDelegate.swift */; };
		37BA942E271EFEB500F96671 /* Main.storyboard in Resources */ = {isa = PBXBuildFile; fileRef = 37BA942C271EFEB500F96671 /* Main.storyboard */; };
		37BA9430271EFEB600F96671 /* Assets.xcassets in Resources */ = {isa = PBXBuildFile; fileRef = 37BA942F271EFEB600F96671 /* Assets.xcassets */; };
		37BA9433271EFEB600F96671 /* LaunchScreen.storyboard in Resources */ = {isa = PBXBuildFile; fileRef = 37BA9431271EFEB600F96671 /* LaunchScreen.storyboard */; };
/* End PBXBuildFile section */

/* Begin PBXFileReference section */
		370D28D4271F29BD00CC7341 /* Utils.swift */ = {isa = PBXFileReference; lastKnownFileType = sourcecode.swift; path = Utils.swift; sourceTree = "<group>"; };
		370D28D6271F2AA200CC7341 /* BLEAdapter.swift */ = {isa = PBXFileReference; lastKnownFileType = sourcecode.swift; path = BLEAdapter.swift; sourceTree = "<group>"; };
		370D28D8271F2ED200CC7341 /* Device.swift */ = {isa = PBXFileReference; lastKnownFileType = sourcecode.swift; path = Device.swift; sourceTree = "<group>"; };
		370D28DA271F2F5500CC7341 /* DeviceTableViewCell.swift */ = {isa = PBXFileReference; lastKnownFileType = sourcecode.swift; path = DeviceTableViewCell.swift; sourceTree = "<group>"; };
		370D28DC271F303400CC7341 /* DeviceListTableViewController.swift */ = {isa = PBXFileReference; lastKnownFileType = sourcecode.swift; path = DeviceListTableViewController.swift; sourceTree = "<group>"; };
		370D28DE271F3B2B00CC7341 /* DeviceViewController.swift */ = {isa = PBXFileReference; lastKnownFileType = sourcecode.swift; path = DeviceViewController.swift; sourceTree = "<group>"; };
		37BA9423271EFEB500F96671 /* BLE Serial.app */ = {isa = PBXFileReference; explicitFileType = wrapper.application; includeInIndex = 0; path = "BLE Serial.app"; sourceTree = BUILT_PRODUCTS_DIR; };
		37BA9426271EFEB500F96671 /* AppDelegate.swift */ = {isa = PBXFileReference; lastKnownFileType = sourcecode.swift; path = AppDelegate.swift; sourceTree = "<group>"; };
		37BA9428271EFEB500F96671 /* SceneDelegate.swift */ = {isa = PBXFileReference; lastKnownFileType = sourcecode.swift; path = SceneDelegate.swift; sourceTree = "<group>"; };
		37BA942D271EFEB500F96671 /* Base */ = {isa = PBXFileReference; lastKnownFileType = file.storyboard; name = Base; path = Base.lproj/Main.storyboard; sourceTree = "<group>"; };
		37BA942F271EFEB600F96671 /* Assets.xcassets */ = {isa = PBXFileReference; lastKnownFileType = folder.assetcatalog; path = Assets.xcassets; sourceTree = "<group>"; };
		37BA9432271EFEB600F96671 /* Base */ = {isa = PBXFileReference; lastKnownFileType = file.storyboard; name = Base; path = Base.lproj/LaunchScreen.storyboard; sourceTree = "<group>"; };
		37BA9434271EFEB600F96671 /* Info.plist */ = {isa = PBXFileReference; lastKnownFileType = text.plist.xml; path = Info.plist; sourceTree = "<group>"; };
/* End PBXFileReference section */

/* Begin PBXFrameworksBuildPhase section */
		37BA9420271EFEB500F96671 /* Frameworks */ = {
			isa = PBXFrameworksBuildPhase;
			buildActionMask = 2147483647;
			files = (
			);
			runOnlyForDeploymentPostprocessing = 0;
		};
/* End PBXFrameworksBuildPhase section */

/* Begin PBXGroup section */
		37BA941A271EFEB500F96671 = {
			isa = PBXGroup;
			children = (
				37BA9425271EFEB500F96671 /* BLE Serial */,
				37BA9424271EFEB500F96671 /* Products */,
			);
			sourceTree = "<group>";
		};
		37BA9424271EFEB500F96671 /* Products */ = {
			isa = PBXGroup;
			children = (
				37BA9423271EFEB500F96671 /* BLE Serial.app */,
			);
			name = Products;
			sourceTree = "<group>";
		};
		37BA9425271EFEB500F96671 /* BLE Serial */ = {
			isa = PBXGroup;
			children = (
				37BA9426271EFEB500F96671 /* AppDelegate.swift */,
				37BA9428271EFEB500F96671 /* SceneDelegate.swift */,
				37BA942C271EFEB500F96671 /* Main.storyboard */,
				37BA942F271EFEB600F96671 /* Assets.xcassets */,
				37BA9431271EFEB600F96671 /* LaunchScreen.storyboard */,
				37BA9434271EFEB600F96671 /* Info.plist */,
				370D28D4271F29BD00CC7341 /* Utils.swift */,
				370D28D6271F2AA200CC7341 /* BLEAdapter.swift */,
				370D28D8271F2ED200CC7341 /* Device.swift */,
				370D28DA271F2F5500CC7341 /* DeviceTableViewCell.swift */,
				370D28DC271F303400CC7341 /* DeviceListTableViewController.swift */,
				370D28DE271F3B2B00CC7341 /* DeviceViewController.swift */,
			);
			path = "BLE Serial";
			sourceTree = "<group>";
		};
/* End PBXGroup section */

/* Begin PBXNativeTarget section */
		37BA9422271EFEB500F96671 /* BLE Serial */ = {
			isa = PBXNativeTarget;
			buildConfigurationList = 37BA9437271EFEB600F96671 /* Build configuration list for PBXNativeTarget "BLE Serial" */;
			buildPhases = (
				37BA941F271EFEB500F96671 /* Sources */,
				37BA9420271EFEB500F96671 /* Frameworks */,
				37BA9421271EFEB500F96671 /* Resources */,
			);
			buildRules = (
			);
			dependencies = (
			);
			name = "BLE Serial";
			productName = "BLE Serial";
			productReference = 37BA9423271EFEB500F96671 /* BLE Serial.app */;
			productType = "com.apple.product-type.application";
		};
/* End PBXNativeTarget section */

/* Begin PBXProject section */
		37BA941B271EFEB500F96671 /* Project object */ = {
			isa = PBXProject;
			attributes = {
				BuildIndependentTargetsInParallel = 1;
				LastSwiftUpdateCheck = 1300;
				LastUpgradeCheck = 1300;
				TargetAttributes = {
					37BA9422271EFEB500F96671 = {
						CreatedOnToolsVersion = 13.0;
					};
				};
			};
			buildConfigurationList = 37BA941E271EFEB500F96671 /* Build configuration list for PBXProject "BLE Serial" */;
			compatibilityVersion = "Xcode 13.0";
			developmentRegion = en;
			hasScannedForEncodings = 0;
			knownRegions = (
				en,
				Base,
			);
			mainGroup = 37BA941A271EFEB500F96671;
			productRefGroup = 37BA9424271EFEB500F96671 /* Products */;
			projectDirPath = "";
			projectRoot = "";
			targets = (
				37BA9422271EFEB500F96671 /* BLE Serial */,
			);
		};
/* End PBXProject section */

/* Begin PBXResourcesBuildPhase section */
		37BA9421271EFEB500F96671 /* Resources */ = {
			isa = PBXResourcesBuildPhase;
			buildActionMask = 2147483647;
			files = (
				37BA9433271EFEB600F96671 /* LaunchScreen.storyboard in Resources */,
				37BA9430271EFEB600F96671 /* Assets.xcassets in Resources */,
				37BA942E271EFEB500F96671 /* Main.storyboard in Resources */,
			);
			runOnlyForDeploymentPostprocessing = 0;
		};
/* End PBXResourcesBuildPhase section */

/* Begin PBXSourcesBuildPhase section */
		37BA941F271EFEB500F96671 /* Sources */ = {
			isa = PBXSourcesBuildPhase;
			buildActionMask = 2147483647;
			files = (
				37BA9427271EFEB500F96671 /* AppDelegate.swift in Sources */,
				370D28DD271F303400CC7341 /* DeviceListTableViewController.swift in Sources */,
				370D28D7271F2AA200CC7341 /* BLEAdapter.swift in Sources */,
				370D28D9271F2ED200CC7341 /* Device.swift in Sources */,
				370D28DF271F3B2B00CC7341 /* DeviceViewController.swift in Sources */,
				37BA9429271EFEB500F96671 /* SceneDelegate.swift in Sources */,
				370D28D5271F29BD00CC7341 /* Utils.swift in Sources */,
				370D28DB271F2F5500CC7341 /* DeviceTableViewCell.swift in Sources */,
			);
			runOnlyForDeploymentPostprocessing = 0;
		};
/* End PBXSourcesBuildPhase section */

/* Begin PBXVariantGroup section */
		37BA942C271EFEB500F96671 /* Main.storyboard */ = {
			isa = PBXVariantGroup;
			children = (
				37BA942D271EFEB500F96671 /* Base */,
			);
			name = Main.storyboard;
			sourceTree = "<group>";
		};
		37BA9431271EFEB600F96671 /* LaunchScreen.storyboard */ = {
			isa = PBXVariantGroup;
			children = (
				37BA9432271EFEB600F96671 /* Base */,
			);
			name = LaunchScreen.storyboard;
			sourceTree = "<group>";
		};
/* End PBXVariantGroup section */

/* Begin XCBuildConfiguration section */
		37BA9435271EFEB600F96671 /* Debug */ = {
			isa = XCBuildConfiguration;
			buildSettings = {
				ALWAYS_SEARCH_USER_PATHS = NO;
				CLANG_ANALYZER_NONNULL = YES;
				CLANG_ANALYZER_NUMBER_OBJECT_CONVERSION = YES_AGGRESSIVE;
				CLANG_CXX_LANGUAGE_STANDARD = "gnu++17";
				CLANG_CXX_LIBRARY = "libc++";
				CLANG_ENABLE_MODULES = YES;
				CLANG_ENABLE_OBJC_ARC = YES;
				CLANG_ENABLE_OBJC_WEAK = YES;
				CLANG_WARN_BLOCK_CAPTURE_AUTORELEASING = YES;
				CLANG_WARN_BOOL_CONVERSION = YES;
				CLANG_WARN_COMMA = YES;
				CLANG_WARN_CONSTANT_CONVERSION = YES;
				CLANG_WARN_DEPRECATED_OBJC_IMPLEMENTATIONS = YES;
				CLANG_WARN_DIRECT_OBJC_ISA_USAGE = YES_ERROR;
				CLANG_WARN_DOCUMENTATION_COMMENTS = YES;
				CLANG_WARN_EMPTY_BODY = YES;
				CLANG_WARN_ENUM_CONVERSION = YES;
				CLANG_WARN_INFINITE_RECURSION = YES;
				CLANG_WARN_INT_CONVERSION = YES;
				CLANG_WARN_NON_LITERAL_NULL_CONVERSION = YES;
				CLANG_WARN_OBJC_IMPLICIT_RETAIN_SELF = YES;
				CLANG_WARN_OBJC_LITERAL_CONVERSION = YES;
				CLANG_WARN_OBJC_ROOT_CLASS = YES_ERROR;
				CLANG_WARN_QUOTED_INCLUDE_IN_FRAMEWORK_HEADER = YES;
				CLANG_WARN_RANGE_LOOP_ANALYSIS = YES;
				CLANG_WARN_STRICT_PROTOTYPES = YES;
				CLANG_WARN_SUSPICIOUS_MOVE = YES;
				CLANG_WARN_UNGUARDED_AVAILABILITY = YES_AGGRESSIVE;
				CLANG_WARN_UNREACHABLE_CODE = YES;
				CLANG_WARN__DUPLICATE_METHOD_MATCH = YES;
				COPY_PHASE_STRIP = NO;
				DEBUG_INFORMATION_FORMAT = dwarf;
				ENABLE_STRICT_OBJC_MSGSEND = YES;
				ENABLE_TESTABILITY = YES;
				GCC_C_LANGUAGE_STANDARD = gnu11;
				GCC_DYNAMIC_NO_PIC = NO;
				GCC_NO_COMMON_BLOCKS = YES;
				GCC_OPTIMIZATION_LEVEL = 0;
				GCC_PREPROCESSOR_DEFINITIONS = (
					"DEBUG=1",
					"$(inherited)",
				);
				GCC_WARN_64_TO_32_BIT_CONVERSION = YES;
				GCC_WARN_ABOUT_RETURN_TYPE = YES_ERROR;
				GCC_WARN_UNDECLARED_SELECTOR = YES;
				GCC_WARN_UNINITIALIZED_AUTOS = YES_AGGRESSIVE;
				GCC_WARN_UNUSED_FUNCTION = YES;
				GCC_WARN_UNUSED_VARIABLE = YES;
				IPHONEOS_DEPLOYMENT_TARGET = 13.0;
				MTL_ENABLE_DEBUG_INFO = INCLUDE_SOURCE;
				MTL_FAST_MATH = YES;
				ONLY_ACTIVE_ARCH = YES;
				SDKROOT = iphoneos;
				SWIFT_ACTIVE_COMPILATION_CONDITIONS = DEBUG;
				SWIFT_OPTIMIZATION_LEVEL = "-Onone";
			};
			name = Debug;
		};
		37BA9436271EFEB600F96671 /* Release */ = {
			isa = XCBuildConfiguration;
			buildSettings = {
				ALWAYS_SEARCH_USER_PATHS = NO;
				CLANG_ANALYZER_NONNULL = YES;
				CLANG_ANALYZER_NUMBER_OBJECT_CONVERSION = YES_AGGRESSIVE;
				CLANG_CXX_LANGUAGE_STANDARD = "gnu++17";
				CLANG_CXX_LIBRARY = "libc++";
				CLANG_ENABLE_MODULES = YES;
				CLANG_ENABLE_OBJC_ARC = YES;
				CLANG_ENABLE_OBJC_WEAK = YES;
				CLANG_WARN_BLOCK_CAPTURE_AUTORELEASING = YES;
				CLANG_WARN_BOOL_CONVERSION = YES;
				CLANG_WARN_COMMA = YES;
				CLANG_WARN_CONSTANT_CONVERSION = YES;
				CLANG_WARN_DEPRECATED_OBJC_IMPLEMENTATIONS = YES;
				CLANG_WARN_DIRECT_OBJC_ISA_USAGE = YES_ERROR;
				CLANG_WARN_DOCUMENTATION_COMMENTS = YES;
				CLANG_WARN_EMPTY_BODY = YES;
				CLANG_WARN_ENUM_CONVERSION = YES;
				CLANG_WARN_INFINITE_RECURSION = YES;
				CLANG_WARN_INT_CONVERSION = YES;
				CLANG_WARN_NON_LITERAL_NULL_CONVERSION = YES;
				CLANG_WARN_OBJC_IMPLICIT_RETAIN_SELF = YES;
				CLANG_WARN_OBJC_LITERAL_CONVERSION = YES;
				CLANG_WARN_OBJC_ROOT_CLASS = YES_ERROR;
				CLANG_WARN_QUOTED_INCLUDE_IN_FRAMEWORK_HEADER = YES;
				CLANG_WARN_RANGE_LOOP_ANALYSIS = YES;
				CLANG_WARN_STRICT_PROTOTYPES = YES;
				CLANG_WARN_SUSPICIOUS_MOVE = YES;
				CLANG_WARN_UNGUARDED_AVAILABILITY = YES_AGGRESSIVE;
				CLANG_WARN_UNREACHABLE_CODE = YES;
				CLANG_WARN__DUPLICATE_METHOD_MATCH = YES;
				COPY_PHASE_STRIP = NO;
				DEBUG_INFORMATION_FORMAT = "dwarf-with-dsym";
				ENABLE_NS_ASSERTIONS = NO;
				ENABLE_STRICT_OBJC_MSGSEND = YES;
				GCC_C_LANGUAGE_STANDARD = gnu11;
				GCC_NO_COMMON_BLOCKS = YES;
				GCC_WARN_64_TO_32_BIT_CONVERSION = YES;
				GCC_WARN_ABOUT_RETURN_TYPE = YES_ERROR;
				GCC_WARN_UNDECLARED_SELECTOR = YES;
				GCC_WARN_UNINITIALIZED_AUTOS = YES_AGGRESSIVE;
				GCC_WARN_UNUSED_FUNCTION = YES;
				GCC_WARN_UNUSED_VARIABLE = YES;
				IPHONEOS_DEPLOYMENT_TARGET = 13.0;
				MTL_ENABLE_DEBUG_INFO = NO;
				MTL_FAST_MATH = YES;
				SDKROOT = iphoneos;
				SWIFT_COMPILATION_MODE = wholemodule;
				SWIFT_OPTIMIZATION_LEVEL = "-O";
				VALIDATE_PRODUCT = YES;
			};
			name = Release;
		};
		37BA9438271EFEB600F96671 /* Debug */ = {
			isa = XCBuildConfiguration;
			buildSettings = {
				ASSETCATALOG_COMPILER_APPICON_NAME = AppIcon;
				ASSETCATALOG_COMPILER_GLOBAL_ACCENT_COLOR_NAME = AccentColor;
				CODE_SIGN_STYLE = Automatic;
				CURRENT_PROJECT_VERSION = 1;
				DEVELOPMENT_TEAM = 9KY9NVLJFW;
				GENERATE_INFOPLIST_FILE = YES;
				INFOPLIST_FILE = "BLE Serial/Info.plist";
				INFOPLIST_KEY_UIApplicationSupportsIndirectInputEvents = YES;
				INFOPLIST_KEY_UILaunchStoryboardName = LaunchScreen;
				INFOPLIST_KEY_UIMainStoryboardFile = Main;
				INFOPLIST_KEY_UISupportedInterfaceOrientations = UIInterfaceOrientationPortrait;
				INFOPLIST_KEY_UISupportedInterfaceOrientations_iPad = "UIInterfaceOrientationPortrait UIInterfaceOrientationPortraitUpsideDown UIInterfaceOrientationLandscapeLeft UIInterfaceOrientationLandscapeRight";
				INFOPLIST_KEY_UISupportedInterfaceOrientations_iPhone = "UIInterfaceOrientationPortrait UIInterfaceOrientationLandscapeLeft UIInterfaceOrientationLandscapeRight";
				INFOPLIST_KEY_UIUserInterfaceStyle = Light;
				IPHONEOS_DEPLOYMENT_TARGET = 13.0;
				LD_RUNPATH_SEARCH_PATHS = (
					"$(inherited)",
					"@executable_path/Frameworks",
				);
				MARKETING_VERSION = 1.0;
				PRODUCT_BUNDLE_IDENTIFIER = "example.BLE-Serial";
				PRODUCT_NAME = "$(TARGET_NAME)";
				SWIFT_EMIT_LOC_STRINGS = YES;
				SWIFT_VERSION = 5.0;
				TARGETED_DEVICE_FAMILY = 1;
			};
			name = Debug;
		};
		37BA9439271EFEB600F96671 /* Release */ = {
			isa = XCBuildConfiguration;
			buildSettings = {
				ASSETCATALOG_COMPILER_APPICON_NAME = AppIcon;
				ASSETCATALOG_COMPILER_GLOBAL_ACCENT_COLOR_NAME = AccentColor;
				CODE_SIGN_STYLE = Automatic;
				CURRENT_PROJECT_VERSION = 1;
				DEVELOPMENT_TEAM = 9KY9NVLJFW;
				GENERATE_INFOPLIST_FILE = YES;
				INFOPLIST_FILE = "BLE Serial/Info.plist";
				INFOPLIST_KEY_UIApplicationSupportsIndirectInputEvents = YES;
				INFOPLIST_KEY_UILaunchStoryboardName = LaunchScreen;
				INFOPLIST_KEY_UIMainStoryboardFile = Main;
				INFOPLIST_KEY_UISupportedInterfaceOrientations = UIInterfaceOrientationPortrait;
				INFOPLIST_KEY_UISupportedInterfaceOrientations_iPad = "UIInterfaceOrientationPortrait UIInterfaceOrientationPortraitUpsideDown UIInterfaceOrientationLandscapeLeft UIInterfaceOrientationLandscapeRight";
				INFOPLIST_KEY_UISupportedInterfaceOrientations_iPhone = "UIInterfaceOrientationPortrait UIInterfaceOrientationLandscapeLeft UIInterfaceOrientationLandscapeRight";
				INFOPLIST_KEY_UIUserInterfaceStyle = Light;
				IPHONEOS_DEPLOYMENT_TARGET = 13.0;
				LD_RUNPATH_SEARCH_PATHS = (
					"$(inherited)",
					"@executable_path/Frameworks",
				);
				MARKETING_VERSION = 1.0;
				PRODUCT_BUNDLE_IDENTIFIER = "example.BLE-Serial";
				PRODUCT_NAME = "$(TARGET_NAME)";
				SWIFT_EMIT_LOC_STRINGS = YES;
				SWIFT_VERSION = 5.0;
				TARGETED_DEVICE_FAMILY = 1;
			};
			name = Release;
		};
/* End XCBuildConfiguration section */

/* Begin XCConfigurationList section */
		37BA941E271EFEB500F96671 /* Build configuration list for PBXProject "BLE Serial" */ = {
			isa = XCConfigurationList;
			buildConfigurations = (
				37BA9435271EFEB600F96671 /* Debug */,
				37BA9436271EFEB600F96671 /* Release */,
			);
			defaultConfigurationIsVisible = 0;
			defaultConfigurationName = Release;
		};
		37BA9437271EFEB600F96671 /* Build configuration list for PBXNativeTarget "BLE Serial" */ = {
			isa = XCConfigurationList;
			buildConfigurations = (
				37BA9438271EFEB600F96671 /* Debug */,
				37BA9439271EFEB600F96671 /* Release */,
			);
			defaultConfigurationIsVisible = 0;
			defaultConfigurationName = Release;
		};
/* End XCConfigurationList section */
	};
	rootObject = 37BA941B271EFEB500F96671 /* Project object */;
}
